
Microsoft Visual Studio Solution File, Format Version 12.00
# Visual Studio Version 17
VisualStudioVersion = 17.14.36310.24 d17.14
MinimumVisualStudioVersion = 10.0.40219.1
Project("{FAE04EC0-301F-11D3-BF4B-00C04F79EFBC}") = "Roll Call", "Roll Call.csproj", "{A0176B0C-DA0D-406A-A484-44A61A4EC0BC}"
EndProject
Global
	GlobalSection(SolutionConfigurationPlatforms) = preSolution
		Debug|Any CPU = Debug|Any CPU
		Release|Any CPU = Release|Any CPU
	EndGlobalSection
	GlobalSection(ProjectConfigurationPlatforms) = postSolution
		{A0176B0C-DA0D-406A-A484-44A61A4EC0BC}.Debug|Any CPU.ActiveCfg = Debug|Any CPU
		{A0176B0C-DA0D-406A-A484-44A61A4EC0BC}.Debug|Any CPU.Build.0 = Debug|Any CPU
		{A0176B0C-DA0D-406A-A484-44A61A4EC0BC}.Release|Any CPU.ActiveCfg = Release|Any CPU
		{A0176B0C-DA0D-406A-A484-44A61A4EC0BC}.Release|Any CPU.Build.0 = Release|Any CPU
	EndGlobalSection
	GlobalSection(SolutionProperties) = preSolution
		HideSolutionNode = FALSE
	EndGlobalSection
	GlobalSection(ExtensibilityGlobals) = postSolution
		SolutionGuid = {CB52E861-3D41-417E-85DD-F87D25FD3E8A}
	EndGlobalSection
EndGlobal
